// !$*UTF8*$!
{
	archiveVersion = 1;
	classes = {
	};
	objectVersion = 77;
	objects = {

/* Begin PBXContainerItemProxy section */
		B40452662E39D4AA006DB21D /* PBXContainerItemProxy */ = {
			isa = PBXContainerItemProxy;
			containerPortal = B40452472E39D4A7006DB21D /* Project object */;
			proxyType = 1;
			remoteGlobalIDString = B404524E2E39D4A7006DB21D;
			remoteInfo = "lab-Login";
		};
		B40452702E39D4AA006DB21D /* PBXContainerItemProxy */ = {
			isa = PBXContainerItemProxy;
			containerPortal = B40452472E39D4A7006DB21D /* Project object */;
			proxyType = 1;
			remoteGlobalIDString = B404524E2E39D4A7006DB21D;
			remoteInfo = "lab-Login";
		};
/* End PBXContainerItemProxy section */

/* Begin PBXFileReference section */
		B404524F2E39D4A7006DB21D /* lab-Login.app */ = {isa = PBXFileReference; explicitFileType = wrapper.application; includeInIndex = 0; path = "lab-Login.app"; sourceTree = BUILT_PRODUCTS_DIR; };
		B40452652E39D4AA006DB21D /* lab-LoginTests.xctest */ = {isa = PBXFileReference; explicitFileType = wrapper.cfbundle; includeInIndex = 0; path = "lab-LoginTests.xctest"; sourceTree = BUILT_PRODUCTS_DIR; };
		B404526F2E39D4AA006DB21D /* lab-LoginUITests.xctest */ = {isa = PBXFileReference; explicitFileType = wrapper.cfbundle; includeInIndex = 0; path = "lab-LoginUITests.xctest"; sourceTree = BUILT_PRODUCTS_DIR; };
/* End PBXFileReference section */

/* Begin PBXFileSystemSynchronizedBuildFileExceptionSet section */
		B40452772E39D4AA006DB21D /* Exceptions for "lab-Login" folder in "lab-Login" target */ = {
			isa = PBXFileSystemSynchronizedBuildFileExceptionSet;
			membershipExceptions = (
				Info.plist,
			);
			target = B404524E2E39D4A7006DB21D /* lab-Login */;
		};
/* End PBXFileSystemSynchronizedBuildFileExceptionSet section */

/* Begin PBXFileSystemSynchronizedRootGroup section */
		B40452512E39D4A7006DB21D /* lab-Login */ = {
			isa = PBXFileSystemSynchronizedRootGroup;
			exceptions = (
				B40452772E39D4AA006DB21D /* Exceptions for "lab-Login" folder in "lab-Login" target */,
			);
			path = "lab-Login";
			sourceTree = "<group>";
		};
		B40452682E39D4AA006DB21D /* lab-LoginTests */ = {
			isa = PBXFileSystemSynchronizedRootGroup;
			path = "lab-LoginTests";
			sourceTree = "<group>";
		};
		B40452722E39D4AA006DB21D /* lab-LoginUITests */ = {
			isa = PBXFileSystemSynchronizedRootGroup;
			path = "lab-LoginUITests";
			sourceTree = "<group>";
		};
/* End PBXFileSystemSynchronizedRootGroup section */

/* Begin PBXFrameworksBuildPhase section */
		B404524C2E39D4A7006DB21D /* Frameworks */ = {
			isa = PBXFrameworksBuildPhase;
			buildActionMask = 2147483647;
			files = (
			);
			runOnlyForDeploymentPostprocessing = 0;
		};
		B40452622E39D4AA006DB21D /* Frameworks */ = {
			isa = PBXFrameworksBuildPhase;
			buildActionMask = 2147483647;
			files = (
			);
			runOnlyForDeploymentPostprocessing = 0;
		};
		B404526C2E39D4AA006DB21D /* Frameworks */ = {
			isa = PBXFrameworksBuildPhase;
			buildActionMask = 2147483647;
			files = (
			);
			runOnlyForDeploymentPostprocessing = 0;
		};
/* End PBXFrameworksBuildPhase section */

/* Begin PBXGroup section */
		B40452462E39D4A7006DB21D = {
			isa = PBXGroup;
			children = (
				B40452512E39D4A7006DB21D /* lab-Login */,
				B40452682E39D4AA006DB21D /* lab-LoginTests */,
				B40452722E39D4AA006DB21D /* lab-LoginUITests */,
				B40452502E39D4A7006DB21D /* Products */,
			);
			sourceTree = "<group>";
		};
		B40452502E39D4A7006DB21D /* Products */ = {
			isa = PBXGroup;
			children = (
				B404524F2E39D4A7006DB21D /* lab-Login.app */,
				B40452652E39D4AA006DB21D /* lab-LoginTests.xctest */,
				B404526F2E39D4AA006DB21D /* lab-LoginUITests.xctest */,
			);
			name = Products;
			sourceTree = "<group>";
		};
/* End PBXGroup section */

/* Begin PBXNativeTarget section */
		B404524E2E39D4A7006DB21D /* lab-Login */ = {
			isa = PBXNativeTarget;
			buildConfigurationList = B40452782E39D4AA006DB21D /* Build configuration list for PBXNativeTarget "lab-Login" */;
			buildPhases = (
				B404524B2E39D4A7006DB21D /* Sources */,
				B404524C2E39D4A7006DB21D /* Frameworks */,
				B404524D2E39D4A7006DB21D /* Resources */,
			);
			buildRules = (
			);
			dependencies = (
			);
			fileSystemSynchronizedGroups = (
				B40452512E39D4A7006DB21D /* lab-Login */,
			);
			name = "lab-Login";
			packageProductDependencies = (
			);
			productName = "lab-Login";
			productReference = B404524F2E39D4A7006DB21D /* lab-Login.app */;
			productType = "com.apple.product-type.application";
		};
		B40452642E39D4AA006DB21D /* lab-LoginTests */ = {
			isa = PBXNativeTarget;
			buildConfigurationList = B404527D2E39D4AA006DB21D /* Build configuration list for PBXNativeTarget "lab-LoginTests" */;
			buildPhases = (
				B40452612E39D4AA006DB21D /* Sources */,
				B40452622E39D4AA006DB21D /* Frameworks */,
				B40452632E39D4AA006DB21D /* Resources */,
			);
			buildRules = (
			);
			dependencies = (
				B40452672E39D4AA006DB21D /* PBXTargetDependency */,
			);
			fileSystemSynchronizedGroups = (
				B40452682E39D4AA006DB21D /* lab-LoginTests */,
			);
			name = "lab-LoginTests";
			packageProductDependencies = (
			);
			productName = "lab-LoginTests";
			productReference = B40452652E39D4AA006DB21D /* lab-LoginTests.xctest */;
			productType = "com.apple.product-type.bundle.unit-test";
		};
		B404526E2E39D4AA006DB21D /* lab-LoginUITests */ = {
			isa = PBXNativeTarget;
			buildConfigurationList = B40452802E39D4AA006DB21D /* Build configuration list for PBXNativeTarget "lab-LoginUITests" */;
			buildPhases = (
				B404526B2E39D4AA006DB21D /* Sources */,
				B404526C2E39D4AA006DB21D /* Frameworks */,
				B404526D2E39D4AA006DB21D /* Resources */,
			);
			buildRules = (
			);
			dependencies = (
				B40452712E39D4AA006DB21D /* PBXTargetDependency */,
			);
			fileSystemSynchronizedGroups = (
				B40452722E39D4AA006DB21D /* lab-LoginUITests */,
			);
			name = "lab-LoginUITests";
			packageProductDependencies = (
			);
			productName = "lab-LoginUITests";
			productReference = B404526F2E39D4AA006DB21D /* lab-LoginUITests.xctest */;
			productType = "com.apple.product-type.bundle.ui-testing";
		};
/* End PBXNativeTarget section */

/* Begin PBXProject section */
		B40452472E39D4A7006DB21D /* Project object */ = {
			isa = PBXProject;
			attributes = {
				BuildIndependentTargetsInParallel = 1;
				LastSwiftUpdateCheck = 1640;
				LastUpgradeCheck = 1640;
				TargetAttributes = {
					B404524E2E39D4A7006DB21D = {
						CreatedOnToolsVersion = 16.4;
					};
					B40452642E39D4AA006DB21D = {
						CreatedOnToolsVersion = 16.4;
						TestTargetID = B404524E2E39D4A7006DB21D;
					};
					B404526E2E39D4AA006DB21D = {
						CreatedOnToolsVersion = 16.4;
						TestTargetID = B404524E2E39D4A7006DB21D;
					};
				};
			};
			buildConfigurationList = B404524A2E39D4A7006DB21D /* Build configuration list for PBXProject "lab-Login" */;
			developmentRegion = en;
			hasScannedForEncodings = 0;
			knownRegions = (
				en,
				Base,
			);
			mainGroup = B40452462E39D4A7006DB21D;
			minimizedProjectReferenceProxies = 1;
			preferredProjectObjectVersion = 77;
			productRefGroup = B40452502E39D4A7006DB21D /* Products */;
			projectDirPath = "";
			projectRoot = "";
			targets = (
				B404524E2E39D4A7006DB21D /* lab-Login */,
				B40452642E39D4AA006DB21D /* lab-LoginTests */,
				B404526E2E39D4AA006DB21D /* lab-LoginUITests */,
			);
		};
/* End PBXProject section */

/* Begin PBXResourcesBuildPhase section */
		B404524D2E39D4A7006DB21D /* Resources */ = {
			isa = PBXResourcesBuildPhase;
			buildActionMask = 2147483647;
			files = (
			);
			runOnlyForDeploymentPostprocessing = 0;
		};
		B40452632E39D4AA006DB21D /* Resources */ = {
			isa = PBXResourcesBuildPhase;
			buildActionMask = 2147483647;
			files = (
			);
			runOnlyForDeploymentPostprocessing = 0;
		};
		B404526D2E39D4AA006DB21D /* Resources */ = {
			isa = PBXResourcesBuildPhase;
			buildActionMask = 2147483647;
			files = (
			);
			runOnlyForDeploymentPostprocessing = 0;
		};
/* End PBXResourcesBuildPhase section */

/* Begin PBXSourcesBuildPhase section */
		B404524B2E39D4A7006DB21D /* Sources */ = {
			isa = PBXSourcesBuildPhase;
			buildActionMask = 2147483647;
			files = (
			);
			runOnlyForDeploymentPostprocessing = 0;
		};
		B40452612E39D4AA006DB21D /* Sources */ = {
			isa = PBXSourcesBuildPhase;
			buildActionMask = 2147483647;
			files = (
			);
			runOnlyForDeploymentPostprocessing = 0;
		};
		B404526B2E39D4AA006DB21D /* Sources */ = {
			isa = PBXSourcesBuildPhase;
			buildActionMask = 2147483647;
			files = (
			);
			runOnlyForDeploymentPostprocessing = 0;
		};
/* End PBXSourcesBuildPhase section */

/* Begin PBXTargetDependency section */
		B40452672E39D4AA006DB21D /* PBXTargetDependency */ = {
			isa = PBXTargetDependency;
			target = B404524E2E39D4A7006DB21D /* lab-Login */;
			targetProxy = B40452662E39D4AA006DB21D /* PBXContainerItemProxy */;
		};
		B40452712E39D4AA006DB21D /* PBXTargetDependency */ = {
			isa = PBXTargetDependency;
			target = B404524E2E39D4A7006DB21D /* lab-Login */;
			targetProxy = B40452702E39D4AA006DB21D /* PBXContainerItemProxy */;
		};
/* End PBXTargetDependency section */

/* Begin XCBuildConfiguration section */
		B40452792E39D4AA006DB21D /* Debug */ = {
			isa = XCBuildConfiguration;
			buildSettings = {
				ASSETCATALOG_COMPILER_APPICON_NAME = AppIcon;
				ASSETCATALOG_COMPILER_GLOBAL_ACCENT_COLOR_NAME = AccentColor;
				CODE_SIGN_STYLE = Automatic;
				CURRENT_PROJECT_VERSION = 1;
				GENERATE_INFOPLIST_FILE = YES;
				INFOPLIST_FILE = "lab-Login/Info.plist";
				INFOPLIST_KEY_UIApplicationSupportsIndirectInputEvents = YES;
				INFOPLIST_KEY_UILaunchStoryboardName = LaunchScreen;
				INFOPLIST_KEY_UIMainStoryboardFile = Main;
				INFOPLIST_KEY_UISupportedInterfaceOrientations_iPad = "UIInterfaceOrientationPortrait UIInterfaceOrientationPortraitUpsideDown UIInterfaceOrientationLandscapeLeft UIInterfaceOrientationLandscapeRight";
				INFOPLIST_KEY_UISupportedInterfaceOrientations_iPhone = "UIInterfaceOrientationPortrait UIInterfaceOrientationLandscapeLeft UIInterfaceOrientationLandscapeRight";
				LD_RUNPATH_SEARCH_PATHS = (
					"$(inherited)",
					"@executable_path/Frameworks",
				);
				MARKETING_VERSION = 1.0;
				PRODUCT_BUNDLE_IDENTIFIER = "ios.lab-Login";
				PRODUCT_NAME = "$(TARGET_NAME)";
				SWIFT_EMIT_LOC_STRINGS = YES;
				SWIFT_VERSION = 5.0;
				TARGETED_DEVICE_FAMILY = "1,2";
			};
			name = Debug;
		};
		B404527A2E39D4AA006DB21D /* Release */ = {
			isa = XCBuildConfiguration;
			buildSettings = {
				ASSETCATALOG_COMPILER_APPICON_NAME = AppIcon;
				ASSETCATALOG_COMPILER_GLOBAL_ACCENT_COLOR_NAME = AccentColor;
				CODE_SIGN_STYLE = Automatic;
				CURRENT_PROJECT_VERSION = 1;
				GENERATE_INFOPLIST_FILE = YES;
				INFOPLIST_FILE = "lab-Login/Info.plist";
				INFOPLIST_KEY_UIApplicationSupportsIndirectInputEvents = YES;
				INFOPLIST_KEY_UILaunchStoryboardName = LaunchScreen;
				INFOPLIST_KEY_UIMainStoryboardFile = Main;
				INFOPLIST_KEY_UISupportedInterfaceOrientations_iPad = "UIInterfaceOrientationPortrait UIInterfaceOrientationPortraitUpsideDown UIInterfaceOrientationLandscapeLeft UIInterfaceOrientationLandscapeRight";
				INFOPLIST_KEY_UISupportedInterfaceOrientations_iPhone = "UIInterfaceOrientationPortrait UIInterfaceOrientationLandscapeLeft UIInterfaceOrientationLandscapeRight";
				LD_RUNPATH_SEARCH_PATHS = (
					"$(inherited)",
					"@executable_path/Frameworks",
				);
				MARKETING_VERSION = 1.0;
				PRODUCT_BUNDLE_IDENTIFIER = "ios.lab-Login";
				PRODUCT_NAME = "$(TARGET_NAME)";
				SWIFT_EMIT_LOC_STRINGS = YES;
				SWIFT_VERSION = 5.0;
				TARGETED_DEVICE_FAMILY = "1,2";
			};
			name = Release;
		};
		B404527B2E39D4AA006DB21D /* Debug */ = {
			isa = XCBuildConfiguration;
			buildSettings = {
				ALWAYS_SEARCH_USER_PATHS = NO;
				ASSETCATALOG_COMPILER_GENERATE_SWIFT_ASSET_SYMBOL_EXTENSIONS = YES;
				CLANG_ANALYZER_NONNULL = YES;
				CLANG_ANALYZER_NUMBER_OBJECT_CONVERSION = YES_AGGRESSIVE;
				CLANG_CXX_LANGUAGE_STANDARD = "gnu++20";
				CLANG_ENABLE_MODULES = YES;
				CLANG_ENABLE_OBJC_ARC = YES;
				CLANG_ENABLE_OBJC_WEAK = YES;
				CLANG_WARN_BLOCK_CAPTURE_AUTORELEASING = YES;
				CLANG_WARN_BOOL_CONVERSION = YES;
				CLANG_WARN_COMMA = YES;
				CLANG_WARN_CONSTANT_CONVERSION = YES;
				CLANG_WARN_DEPRECATED_OBJC_IMPLEMENTATIONS = YES;
				CLANG_WARN_DIRECT_OBJC_ISA_USAGE = YES_ERROR;
				CLANG_WARN_DOCUMENTATION_COMMENTS = YES;
				CLANG_WARN_EMPTY_BODY = YES;
				CLANG_WARN_ENUM_CONVERSION = YES;
				CLANG_WARN_INFINITE_RECURSION = YES;
				CLANG_WARN_INT_CONVERSION = YES;
				CLANG_WARN_NON_LITERAL_NULL_CONVERSION = YES;
				CLANG_WARN_OBJC_IMPLICIT_RETAIN_SELF = YES;
				CLANG_WARN_OBJC_LITERAL_CONVERSION = YES;
				CLANG_WARN_OBJC_ROOT_CLASS = YES_ERROR;
				CLANG_WARN_QUOTED_INCLUDE_IN_FRAMEWORK_HEADER = YES;
				CLANG_WARN_RANGE_LOOP_ANALYSIS = YES;
				CLANG_WARN_STRICT_PROTOTYPES = YES;
				CLANG_WARN_SUSPICIOUS_MOVE = YES;
				CLANG_WARN_UNGUARDED_AVAILABILITY = YES_AGGRESSIVE;
				CLANG_WARN_UNREACHABLE_CODE = YES;
				CLANG_WARN__DUPLICATE_METHOD_MATCH = YES;
				COPY_PHASE_STRIP = NO;
				DEBUG_INFORMATION_FORMAT = dwarf;
				ENABLE_STRICT_OBJC_MSGSEND = YES;
				ENABLE_TESTABILITY = YES;
				ENABLE_USER_SCRIPT_SANDBOXING = YES;
				GCC_C_LANGUAGE_STANDARD = gnu17;
				GCC_DYNAMIC_NO_PIC = NO;
				GCC_NO_COMMON_BLOCKS = YES;
				GCC_OPTIMIZATION_LEVEL = 0;
				GCC_PREPROCESSOR_DEFINITIONS = (
					"DEBUG=1",
					"$(inherited)",
				);
				GCC_WARN_64_TO_32_BIT_CONVERSION = YES;
				GCC_WARN_ABOUT_RETURN_TYPE = YES_ERROR;
				GCC_WARN_UNDECLARED_SELECTOR = YES;
				GCC_WARN_UNINITIALIZED_AUTOS = YES_AGGRESSIVE;
				GCC_WARN_UNUSED_FUNCTION = YES;
				GCC_WARN_UNUSED_VARIABLE = YES;
				IPHONEOS_DEPLOYMENT_TARGET = 18.5;
				LOCALIZATION_PREFERS_STRING_CATALOGS = YES;
				MTL_ENABLE_DEBUG_INFO = INCLUDE_SOURCE;
				MTL_FAST_MATH = YES;
				ONLY_ACTIVE_ARCH = YES;
				SDKROOT = iphoneos;
				SWIFT_ACTIVE_COMPILATION_CONDITIONS = "DEBUG $(inherited)";
				SWIFT_OPTIMIZATION_LEVEL = "-Onone";
			};
			name = Debug;
		};
		B404527C2E39D4AA006DB21D /* Release */ = {
			isa = XCBuildConfiguration;
			buildSettings = {
				ALWAYS_SEARCH_USER_PATHS = NO;
				ASSETCATALOG_COMPILER_GENERATE_SWIFT_ASSET_SYMBOL_EXTENSIONS = YES;
				CLANG_ANALYZER_NONNULL = YES;
				CLANG_ANALYZER_NUMBER_OBJECT_CONVERSION = YES_AGGRESSIVE;
				CLANG_CXX_LANGUAGE_STANDARD = "gnu++20";
				CLANG_ENABLE_MODULES = YES;
				CLANG_ENABLE_OBJC_ARC = YES;
				CLANG_ENABLE_OBJC_WEAK = YES;
				CLANG_WARN_BLOCK_CAPTURE_AUTORELEASING = YES;
				CLANG_WARN_BOOL_CONVERSION = YES;
				CLANG_WARN_COMMA = YES;
				CLANG_WARN_CONSTANT_CONVERSION = YES;
				CLANG_WARN_DEPRECATED_OBJC_IMPLEMENTATIONS = YES;
				CLANG_WARN_DIRECT_OBJC_ISA_USAGE = YES_ERROR;
				CLANG_WARN_DOCUMENTATION_COMMENTS = YES;
				CLANG_WARN_EMPTY_BODY = YES;
				CLANG_WARN_ENUM_CONVERSION = YES;
				CLANG_WARN_INFINITE_RECURSION = YES;
				CLANG_WARN_INT_CONVERSION = YES;
				CLANG_WARN_NON_LITERAL_NULL_CONVERSION = YES;
				CLANG_WARN_OBJC_IMPLICIT_RETAIN_SELF = YES;
				CLANG_WARN_OBJC_LITERAL_CONVERSION = YES;
				CLANG_WARN_OBJC_ROOT_CLASS = YES_ERROR;
				CLANG_WARN_QUOTED_INCLUDE_IN_FRAMEWORK_HEADER = YES;
				CLANG_WARN_RANGE_LOOP_ANALYSIS = YES;
				CLANG_WARN_STRICT_PROTOTYPES = YES;
				CLANG_WARN_SUSPICIOUS_MOVE = YES;
				CLANG_WARN_UNGUARDED_AVAILABILITY = YES_AGGRESSIVE;
				CLANG_WARN_UNREACHABLE_CODE = YES;
				CLANG_WARN__DUPLICATE_METHOD_MATCH = YES;
				COPY_PHASE_STRIP = NO;
				DEBUG_INFORMATION_FORMAT = "dwarf-with-dsym";
				ENABLE_NS_ASSERTIONS = NO;
				ENABLE_STRICT_OBJC_MSGSEND = YES;
				ENABLE_USER_SCRIPT_SANDBOXING = YES;
				GCC_C_LANGUAGE_STANDARD = gnu17;
				GCC_NO_COMMON_BLOCKS = YES;
				GCC_WARN_64_TO_32_BIT_CONVERSION = YES;
				GCC_WARN_ABOUT_RETURN_TYPE = YES_ERROR;
				GCC_WARN_UNDECLARED_SELECTOR = YES;
				GCC_WARN_UNINITIALIZED_AUTOS = YES_AGGRESSIVE;
				GCC_WARN_UNUSED_FUNCTION = YES;
				GCC_WARN_UNUSED_VARIABLE = YES;
				IPHONEOS_DEPLOYMENT_TARGET = 18.5;
				LOCALIZATION_PREFERS_STRING_CATALOGS = YES;
				MTL_ENABLE_DEBUG_INFO = NO;
				MTL_FAST_MATH = YES;
				SDKROOT = iphoneos;
				SWIFT_COMPILATION_MODE = wholemodule;
				VALIDATE_PRODUCT = YES;
			};
			name = Release;
		};
		B404527E2E39D4AA006DB21D /* Debug */ = {
			isa = XCBuildConfiguration;
			buildSettings = {
				BUNDLE_LOADER = "$(TEST_HOST)";
				CODE_SIGN_STYLE = Automatic;
				CURRENT_PROJECT_VERSION = 1;
				GENERATE_INFOPLIST_FILE = YES;
				IPHONEOS_DEPLOYMENT_TARGET = 18.5;
				MARKETING_VERSION = 1.0;
				PRODUCT_BUNDLE_IDENTIFIER = "ios.lab-LoginTests";
				PRODUCT_NAME = "$(TARGET_NAME)";
				SWIFT_EMIT_LOC_STRINGS = NO;
				SWIFT_VERSION = 5.0;
				TARGETED_DEVICE_FAMILY = "1,2";
				TEST_HOST = "$(BUILT_PRODUCTS_DIR)/lab-Login.app/$(BUNDLE_EXECUTABLE_FOLDER_PATH)/lab-Login";
			};
			name = Debug;
		};
		B404527F2E39D4AA006DB21D /* Release */ = {
			isa = XCBuildConfiguration;
			buildSettings = {
				BUNDLE_LOADER = "$(TEST_HOST)";
				CODE_SIGN_STYLE = Automatic;
				CURRENT_PROJECT_VERSION = 1;
				GENERATE_INFOPLIST_FILE = YES;
				IPHONEOS_DEPLOYMENT_TARGET = 18.5;
				MARKETING_VERSION = 1.0;
				PRODUCT_BUNDLE_IDENTIFIER = "ios.lab-LoginTests";
				PRODUCT_NAME = "$(TARGET_NAME)";
				SWIFT_EMIT_LOC_STRINGS = NO;
				SWIFT_VERSION = 5.0;
				TARGETED_DEVICE_FAMILY = "1,2";
				TEST_HOST = "$(BUILT_PRODUCTS_DIR)/lab-Login.app/$(BUNDLE_EXECUTABLE_FOLDER_PATH)/lab-Login";
			};
			name = Release;
		};
		B40452812E39D4AA006DB21D /* Debug */ = {
			isa = XCBuildConfiguration;
			buildSettings = {
				CODE_SIGN_STYLE = Automatic;
				CURRENT_PROJECT_VERSION = 1;
				GENERATE_INFOPLIST_FILE = YES;
				MARKETING_VERSION = 1.0;
				PRODUCT_BUNDLE_IDENTIFIER = "ios.lab-LoginUITests";
				PRODUCT_NAME = "$(TARGET_NAME)";
				SWIFT_EMIT_LOC_STRINGS = NO;
				SWIFT_VERSION = 5.0;
				TARGETED_DEVICE_FAMILY = "1,2";
				TEST_TARGET_NAME = "lab-Login";
			};
			name = Debug;
		};
		B40452822E39D4AA006DB21D /* Release */ = {
			isa = XCBuildConfiguration;
			buildSettings = {
				CODE_SIGN_STYLE = Automatic;
				CURRENT_PROJECT_VERSION = 1;
				GENERATE_INFOPLIST_FILE = YES;
				MARKETING_VERSION = 1.0;
				PRODUCT_BUNDLE_IDENTIFIER = "ios.lab-LoginUITests";
				PRODUCT_NAME = "$(TARGET_NAME)";
				SWIFT_EMIT_LOC_STRINGS = NO;
				SWIFT_VERSION = 5.0;
				TARGETED_DEVICE_FAMILY = "1,2";
				TEST_TARGET_NAME = "lab-Login";
			};
			name = Release;
		};
/* End XCBuildConfiguration section */

/* Begin XCConfigurationList section */
		B404524A2E39D4A7006DB21D /* Build configuration list for PBXProject "lab-Login" */ = {
			isa = XCConfigurationList;
			buildConfigurations = (
				B404527B2E39D4AA006DB21D /* Debug */,
				B404527C2E39D4AA006DB21D /* Release */,
			);
			defaultConfigurationIsVisible = 0;
			defaultConfigurationName = Release;
		};
		B40452782E39D4AA006DB21D /* Build configuration list for PBXNativeTarget "lab-Login" */ = {
			isa = XCConfigurationList;
			buildConfigurations = (
				B40452792E39D4AA006DB21D /* Debug */,
				B404527A2E39D4AA006DB21D /* Release */,
			);
			defaultConfigurationIsVisible = 0;
			defaultConfigurationName = Release;
		};
		B404527D2E39D4AA006DB21D /* Build configuration list for PBXNativeTarget "lab-LoginTests" */ = {
			isa = XCConfigurationList;
			buildConfigurations = (
				B404527E2E39D4AA006DB21D /* Debug */,
				B404527F2E39D4AA006DB21D /* Release */,
			);
			defaultConfigurationIsVisible = 0;
			defaultConfigurationName = Release;
		};
		B40452802E39D4AA006DB21D /* Build configuration list for PBXNativeTarget "lab-LoginUITests" */ = {
			isa = XCConfigurationList;
			buildConfigurations = (
				B40452812E39D4AA006DB21D /* Debug */,
				B40452822E39D4AA006DB21D /* Release */,
			);
			defaultConfigurationIsVisible = 0;
			defaultConfigurationName = Release;
		};
/* End XCConfigurationList section */
	};
	rootObject = B40452472E39D4A7006DB21D /* Project object */;
}
