// !$*UTF8*$!
{
	archiveVersion = 1;
	classes = {
	};
	objectVersion = 77;
	objects = {

/* Begin PBXContainerItemProxy section */
		B4F690612E39EA3A00F16747 /* PBXContainerItemProxy */ = {
			isa = PBXContainerItemProxy;
			containerPortal = B4F690422E39EA3800F16747 /* Project object */;
			proxyType = 1;
			remoteGlobalIDString = B4F690492E39EA3800F16747;
			remoteInfo = "Lab-AboutMe";
		};
		B4F6906B2E39EA3A00F16747 /* PBXContainerItemProxy */ = {
			isa = PBXContainerItemProxy;
			containerPortal = B4F690422E39EA3800F16747 /* Project object */;
			proxyType = 1;
			remoteGlobalIDString = B4F690492E39EA3800F16747;
			remoteInfo = "Lab-AboutMe";
		};
/* End PBXContainerItemProxy section */

/* Begin PBXFileReference section */
		B4F6904A2E39EA3800F16747 /* Lab-AboutMe.app */ = {isa = PBXFileReference; explicitFileType = wrapper.application; includeInIndex = 0; path = "Lab-AboutMe.app"; sourceTree = BUILT_PRODUCTS_DIR; };
		B4F690602E39EA3A00F16747 /* Lab-AboutMeTests.xctest */ = {isa = PBXFileReference; explicitFileType = wrapper.cfbundle; includeInIndex = 0; path = "Lab-AboutMeTests.xctest"; sourceTree = BUILT_PRODUCTS_DIR; };
		B4F6906A2E39EA3A00F16747 /* Lab-AboutMeUITests.xctest */ = {isa = PBXFileReference; explicitFileType = wrapper.cfbundle; includeInIndex = 0; path = "Lab-AboutMeUITests.xctest"; sourceTree = BUILT_PRODUCTS_DIR; };
/* End PBXFileReference section */

/* Begin PBXFileSystemSynchronizedBuildFileExceptionSet section */
		B4F690722E39EA3A00F16747 /* Exceptions for "Lab-AboutMe" folder in "Lab-AboutMe" target */ = {
			isa = PBXFileSystemSynchronizedBuildFileExceptionSet;
			membershipExceptions = (
				Info.plist,
			);
			target = B4F690492E39EA3800F16747 /* Lab-AboutMe */;
		};
/* End PBXFileSystemSynchronizedBuildFileExceptionSet section */

/* Begin PBXFileSystemSynchronizedRootGroup section */
		B4F6904C2E39EA3800F16747 /* Lab-AboutMe */ = {
			isa = PBXFileSystemSynchronizedRootGroup;
			exceptions = (
				B4F690722E39EA3A00F16747 /* Exceptions for "Lab-AboutMe" folder in "Lab-AboutMe" target */,
			);
			path = "Lab-AboutMe";
			sourceTree = "<group>";
		};
		B4F690632E39EA3A00F16747 /* Lab-AboutMeTests */ = {
			isa = PBXFileSystemSynchronizedRootGroup;
			path = "Lab-AboutMeTests";
			sourceTree = "<group>";
		};
		B4F6906D2E39EA3A00F16747 /* Lab-AboutMeUITests */ = {
			isa = PBXFileSystemSynchronizedRootGroup;
			path = "Lab-AboutMeUITests";
			sourceTree = "<group>";
		};
/* End PBXFileSystemSynchronizedRootGroup section */

/* Begin PBXFrameworksBuildPhase section */
		B4F690472E39EA3800F16747 /* Frameworks */ = {
			isa = PBXFrameworksBuildPhase;
			buildActionMask = 2147483647;
			files = (
			);
			runOnlyForDeploymentPostprocessing = 0;
		};
		B4F6905D2E39EA3A00F16747 /* Frameworks */ = {
			isa = PBXFrameworksBuildPhase;
			buildActionMask = 2147483647;
			files = (
			);
			runOnlyForDeploymentPostprocessing = 0;
		};
		B4F690672E39EA3A00F16747 /* Frameworks */ = {
			isa = PBXFrameworksBuildPhase;
			buildActionMask = 2147483647;
			files = (
			);
			runOnlyForDeploymentPostprocessing = 0;
		};
/* End PBXFrameworksBuildPhase section */

/* Begin PBXGroup section */
		B4F690412E39EA3800F16747 = {
			isa = PBXGroup;
			children = (
				B4F6904C2E39EA3800F16747 /* Lab-AboutMe */,
				B4F690632E39EA3A00F16747 /* Lab-AboutMeTests */,
				B4F6906D2E39EA3A00F16747 /* Lab-AboutMeUITests */,
				B4F6904B2E39EA3800F16747 /* Products */,
			);
			sourceTree = "<group>";
		};
		B4F6904B2E39EA3800F16747 /* Products */ = {
			isa = PBXGroup;
			children = (
				B4F6904A2E39EA3800F16747 /* Lab-AboutMe.app */,
				B4F690602E39EA3A00F16747 /* Lab-AboutMeTests.xctest */,
				B4F6906A2E39EA3A00F16747 /* Lab-AboutMeUITests.xctest */,
			);
			name = Products;
			sourceTree = "<group>";
		};
/* End PBXGroup section */

/* Begin PBXNativeTarget section */
		B4F690492E39EA3800F16747 /* Lab-AboutMe */ = {
			isa = PBXNativeTarget;
			buildConfigurationList = B4F690732E39EA3A00F16747 /* Build configuration list for PBXNativeTarget "Lab-AboutMe" */;
			buildPhases = (
				B4F690462E39EA3800F16747 /* Sources */,
				B4F690472E39EA3800F16747 /* Frameworks */,
				B4F690482E39EA3800F16747 /* Resources */,
			);
			buildRules = (
			);
			dependencies = (
			);
			fileSystemSynchronizedGroups = (
				B4F6904C2E39EA3800F16747 /* Lab-AboutMe */,
			);
			name = "Lab-AboutMe";
			packageProductDependencies = (
			);
			productName = "Lab-AboutMe";
			productReference = B4F6904A2E39EA3800F16747 /* Lab-AboutMe.app */;
			productType = "com.apple.product-type.application";
		};
		B4F6905F2E39EA3A00F16747 /* Lab-AboutMeTests */ = {
			isa = PBXNativeTarget;
			buildConfigurationList = B4F690782E39EA3A00F16747 /* Build configuration list for PBXNativeTarget "Lab-AboutMeTests" */;
			buildPhases = (
				B4F6905C2E39EA3A00F16747 /* Sources */,
				B4F6905D2E39EA3A00F16747 /* Frameworks */,
				B4F6905E2E39EA3A00F16747 /* Resources */,
			);
			buildRules = (
			);
			dependencies = (
				B4F690622E39EA3A00F16747 /* PBXTargetDependency */,
			);
			fileSystemSynchronizedGroups = (
				B4F690632E39EA3A00F16747 /* Lab-AboutMeTests */,
			);
			name = "Lab-AboutMeTests";
			packageProductDependencies = (
			);
			productName = "Lab-AboutMeTests";
			productReference = B4F690602E39EA3A00F16747 /* Lab-AboutMeTests.xctest */;
			productType = "com.apple.product-type.bundle.unit-test";
		};
		B4F690692E39EA3A00F16747 /* Lab-AboutMeUITests */ = {
			isa = PBXNativeTarget;
			buildConfigurationList = B4F6907B2E39EA3A00F16747 /* Build configuration list for PBXNativeTarget "Lab-AboutMeUITests" */;
			buildPhases = (
				B4F690662E39EA3A00F16747 /* Sources */,
				B4F690672E39EA3A00F16747 /* Frameworks */,
				B4F690682E39EA3A00F16747 /* Resources */,
			);
			buildRules = (
			);
			dependencies = (
				B4F6906C2E39EA3A00F16747 /* PBXTargetDependency */,
			);
			fileSystemSynchronizedGroups = (
				B4F6906D2E39EA3A00F16747 /* Lab-AboutMeUITests */,
			);
			name = "Lab-AboutMeUITests";
			packageProductDependencies = (
			);
			productName = "Lab-AboutMeUITests";
			productReference = B4F6906A2E39EA3A00F16747 /* Lab-AboutMeUITests.xctest */;
			productType = "com.apple.product-type.bundle.ui-testing";
		};
/* End PBXNativeTarget section */

/* Begin PBXProject section */
		B4F690422E39EA3800F16747 /* Project object */ = {
			isa = PBXProject;
			attributes = {
				BuildIndependentTargetsInParallel = 1;
				LastSwiftUpdateCheck = 1640;
				LastUpgradeCheck = 1640;
				TargetAttributes = {
					B4F690492E39EA3800F16747 = {
						CreatedOnToolsVersion = 16.4;
					};
					B4F6905F2E39EA3A00F16747 = {
						CreatedOnToolsVersion = 16.4;
						TestTargetID = B4F690492E39EA3800F16747;
					};
					B4F690692E39EA3A00F16747 = {
						CreatedOnToolsVersion = 16.4;
						TestTargetID = B4F690492E39EA3800F16747;
					};
				};
			};
			buildConfigurationList = B4F690452E39EA3800F16747 /* Build configuration list for PBXProject "Lab-AboutMe" */;
			developmentRegion = en;
			hasScannedForEncodings = 0;
			knownRegions = (
				en,
				Base,
			);
			mainGroup = B4F690412E39EA3800F16747;
			minimizedProjectReferenceProxies = 1;
			preferredProjectObjectVersion = 77;
			productRefGroup = B4F6904B2E39EA3800F16747 /* Products */;
			projectDirPath = "";
			projectRoot = "";
			targets = (
				B4F690492E39EA3800F16747 /* Lab-AboutMe */,
				B4F6905F2E39EA3A00F16747 /* Lab-AboutMeTests */,
				B4F690692E39EA3A00F16747 /* Lab-AboutMeUITests */,
			);
		};
/* End PBXProject section */

/* Begin PBXResourcesBuildPhase section */
		B4F690482E39EA3800F16747 /* Resources */ = {
			isa = PBXResourcesBuildPhase;
			buildActionMask = 2147483647;
			files = (
			);
			runOnlyForDeploymentPostprocessing = 0;
		};
		B4F6905E2E39EA3A00F16747 /* Resources */ = {
			isa = PBXResourcesBuildPhase;
			buildActionMask = 2147483647;
			files = (
			);
			runOnlyForDeploymentPostprocessing = 0;
		};
		B4F690682E39EA3A00F16747 /* Resources */ = {
			isa = PBXResourcesBuildPhase;
			buildActionMask = 2147483647;
			files = (
			);
			runOnlyForDeploymentPostprocessing = 0;
		};
/* End PBXResourcesBuildPhase section */

/* Begin PBXSourcesBuildPhase section */
		B4F690462E39EA3800F16747 /* Sources */ = {
			isa = PBXSourcesBuildPhase;
			buildActionMask = 2147483647;
			files = (
			);
			runOnlyForDeploymentPostprocessing = 0;
		};
		B4F6905C2E39EA3A00F16747 /* Sources */ = {
			isa = PBXSourcesBuildPhase;
			buildActionMask = 2147483647;
			files = (
			);
			runOnlyForDeploymentPostprocessing = 0;
		};
		B4F690662E39EA3A00F16747 /* Sources */ = {
			isa = PBXSourcesBuildPhase;
			buildActionMask = 2147483647;
			files = (
			);
			runOnlyForDeploymentPostprocessing = 0;
		};
/* End PBXSourcesBuildPhase section */

/* Begin PBXTargetDependency section */
		B4F690622E39EA3A00F16747 /* PBXTargetDependency */ = {
			isa = PBXTargetDependency;
			target = B4F690492E39EA3800F16747 /* Lab-AboutMe */;
			targetProxy = B4F690612E39EA3A00F16747 /* PBXContainerItemProxy */;
		};
		B4F6906C2E39EA3A00F16747 /* PBXTargetDependency */ = {
			isa = PBXTargetDependency;
			target = B4F690492E39EA3800F16747 /* Lab-AboutMe */;
			targetProxy = B4F6906B2E39EA3A00F16747 /* PBXContainerItemProxy */;
		};
/* End PBXTargetDependency section */

/* Begin XCBuildConfiguration section */
		B4F690742E39EA3A00F16747 /* Debug */ = {
			isa = XCBuildConfiguration;
			buildSettings = {
				ASSETCATALOG_COMPILER_APPICON_NAME = AppIcon;
				ASSETCATALOG_COMPILER_GLOBAL_ACCENT_COLOR_NAME = AccentColor;
				CODE_SIGN_STYLE = Automatic;
				CURRENT_PROJECT_VERSION = 1;
				GENERATE_INFOPLIST_FILE = YES;
				INFOPLIST_FILE = "Lab-AboutMe/Info.plist";
				INFOPLIST_KEY_UIApplicationSupportsIndirectInputEvents = YES;
				INFOPLIST_KEY_UILaunchStoryboardName = LaunchScreen;
				INFOPLIST_KEY_UIMainStoryboardFile = Main;
				INFOPLIST_KEY_UISupportedInterfaceOrientations_iPad = "UIInterfaceOrientationPortrait UIInterfaceOrientationPortraitUpsideDown UIInterfaceOrientationLandscapeLeft UIInterfaceOrientationLandscapeRight";
				INFOPLIST_KEY_UISupportedInterfaceOrientations_iPhone = "UIInterfaceOrientationPortrait UIInterfaceOrientationLandscapeLeft UIInterfaceOrientationLandscapeRight";
				LD_RUNPATH_SEARCH_PATHS = (
					"$(inherited)",
					"@executable_path/Frameworks",
				);
				MARKETING_VERSION = 1.0;
				PRODUCT_BUNDLE_IDENTIFIER = "ios.Lab-AboutMe";
				PRODUCT_NAME = "$(TARGET_NAME)";
				SWIFT_EMIT_LOC_STRINGS = YES;
				SWIFT_VERSION = 5.0;
				TARGETED_DEVICE_FAMILY = "1,2";
			};
			name = Debug;
		};
		B4F690752E39EA3A00F16747 /* Release */ = {
			isa = XCBuildConfiguration;
			buildSettings = {
				ASSETCATALOG_COMPILER_APPICON_NAME = AppIcon;
				ASSETCATALOG_COMPILER_GLOBAL_ACCENT_COLOR_NAME = AccentColor;
				CODE_SIGN_STYLE = Automatic;
				CURRENT_PROJECT_VERSION = 1;
				GENERATE_INFOPLIST_FILE = YES;
				INFOPLIST_FILE = "Lab-AboutMe/Info.plist";
				INFOPLIST_KEY_UIApplicationSupportsIndirectInputEvents = YES;
				INFOPLIST_KEY_UILaunchStoryboardName = LaunchScreen;
				INFOPLIST_KEY_UIMainStoryboardFile = Main;
				INFOPLIST_KEY_UISupportedInterfaceOrientations_iPad = "UIInterfaceOrientationPortrait UIInterfaceOrientationPortraitUpsideDown UIInterfaceOrientationLandscapeLeft UIInterfaceOrientationLandscapeRight";
				INFOPLIST_KEY_UISupportedInterfaceOrientations_iPhone = "UIInterfaceOrientationPortrait UIInterfaceOrientationLandscapeLeft UIInterfaceOrientationLandscapeRight";
				LD_RUNPATH_SEARCH_PATHS = (
					"$(inherited)",
					"@executable_path/Frameworks",
				);
				MARKETING_VERSION = 1.0;
				PRODUCT_BUNDLE_IDENTIFIER = "ios.Lab-AboutMe";
				PRODUCT_NAME = "$(TARGET_NAME)";
				SWIFT_EMIT_LOC_STRINGS = YES;
				SWIFT_VERSION = 5.0;
				TARGETED_DEVICE_FAMILY = "1,2";
			};
			name = Release;
		};
		B4F690762E39EA3A00F16747 /* Debug */ = {
			isa = XCBuildConfiguration;
			buildSettings = {
				ALWAYS_SEARCH_USER_PATHS = NO;
				ASSETCATALOG_COMPILER_GENERATE_SWIFT_ASSET_SYMBOL_EXTENSIONS = YES;
				CLANG_ANALYZER_NONNULL = YES;
				CLANG_ANALYZER_NUMBER_OBJECT_CONVERSION = YES_AGGRESSIVE;
				CLANG_CXX_LANGUAGE_STANDARD = "gnu++20";
				CLANG_ENABLE_MODULES = YES;
				CLANG_ENABLE_OBJC_ARC = YES;
				CLANG_ENABLE_OBJC_WEAK = YES;
				CLANG_WARN_BLOCK_CAPTURE_AUTORELEASING = YES;
				CLANG_WARN_BOOL_CONVERSION = YES;
				CLANG_WARN_COMMA = YES;
				CLANG_WARN_CONSTANT_CONVERSION = YES;
				CLANG_WARN_DEPRECATED_OBJC_IMPLEMENTATIONS = YES;
				CLANG_WARN_DIRECT_OBJC_ISA_USAGE = YES_ERROR;
				CLANG_WARN_DOCUMENTATION_COMMENTS = YES;
				CLANG_WARN_EMPTY_BODY = YES;
				CLANG_WARN_ENUM_CONVERSION = YES;
				CLANG_WARN_INFINITE_RECURSION = YES;
				CLANG_WARN_INT_CONVERSION = YES;
				CLANG_WARN_NON_LITERAL_NULL_CONVERSION = YES;
				CLANG_WARN_OBJC_IMPLICIT_RETAIN_SELF = YES;
				CLANG_WARN_OBJC_LITERAL_CONVERSION = YES;
				CLANG_WARN_OBJC_ROOT_CLASS = YES_ERROR;
				CLANG_WARN_QUOTED_INCLUDE_IN_FRAMEWORK_HEADER = YES;
				CLANG_WARN_RANGE_LOOP_ANALYSIS = YES;
				CLANG_WARN_STRICT_PROTOTYPES = YES;
				CLANG_WARN_SUSPICIOUS_MOVE = YES;
				CLANG_WARN_UNGUARDED_AVAILABILITY = YES_AGGRESSIVE;
				CLANG_WARN_UNREACHABLE_CODE = YES;
				CLANG_WARN__DUPLICATE_METHOD_MATCH = YES;
				COPY_PHASE_STRIP = NO;
				DEBUG_INFORMATION_FORMAT = dwarf;
				ENABLE_STRICT_OBJC_MSGSEND = YES;
				ENABLE_TESTABILITY = YES;
				ENABLE_USER_SCRIPT_SANDBOXING = YES;
				GCC_C_LANGUAGE_STANDARD = gnu17;
				GCC_DYNAMIC_NO_PIC = NO;
				GCC_NO_COMMON_BLOCKS = YES;
				GCC_OPTIMIZATION_LEVEL = 0;
				GCC_PREPROCESSOR_DEFINITIONS = (
					"DEBUG=1",
					"$(inherited)",
				);
				GCC_WARN_64_TO_32_BIT_CONVERSION = YES;
				GCC_WARN_ABOUT_RETURN_TYPE = YES_ERROR;
				GCC_WARN_UNDECLARED_SELECTOR = YES;
				GCC_WARN_UNINITIALIZED_AUTOS = YES_AGGRESSIVE;
				GCC_WARN_UNUSED_FUNCTION = YES;
				GCC_WARN_UNUSED_VARIABLE = YES;
				IPHONEOS_DEPLOYMENT_TARGET = 18.5;
				LOCALIZATION_PREFERS_STRING_CATALOGS = YES;
				MTL_ENABLE_DEBUG_INFO = INCLUDE_SOURCE;
				MTL_FAST_MATH = YES;
				ONLY_ACTIVE_ARCH = YES;
				SDKROOT = iphoneos;
				SWIFT_ACTIVE_COMPILATION_CONDITIONS = "DEBUG $(inherited)";
				SWIFT_OPTIMIZATION_LEVEL = "-Onone";
			};
			name = Debug;
		};
		B4F690772E39EA3A00F16747 /* Release */ = {
			isa = XCBuildConfiguration;
			buildSettings = {
				ALWAYS_SEARCH_USER_PATHS = NO;
				ASSETCATALOG_COMPILER_GENERATE_SWIFT_ASSET_SYMBOL_EXTENSIONS = YES;
				CLANG_ANALYZER_NONNULL = YES;
				CLANG_ANALYZER_NUMBER_OBJECT_CONVERSION = YES_AGGRESSIVE;
				CLANG_CXX_LANGUAGE_STANDARD = "gnu++20";
				CLANG_ENABLE_MODULES = YES;
				CLANG_ENABLE_OBJC_ARC = YES;
				CLANG_ENABLE_OBJC_WEAK = YES;
				CLANG_WARN_BLOCK_CAPTURE_AUTORELEASING = YES;
				CLANG_WARN_BOOL_CONVERSION = YES;
				CLANG_WARN_COMMA = YES;
				CLANG_WARN_CONSTANT_CONVERSION = YES;
				CLANG_WARN_DEPRECATED_OBJC_IMPLEMENTATIONS = YES;
				CLANG_WARN_DIRECT_OBJC_ISA_USAGE = YES_ERROR;
				CLANG_WARN_DOCUMENTATION_COMMENTS = YES;
				CLANG_WARN_EMPTY_BODY = YES;
				CLANG_WARN_ENUM_CONVERSION = YES;
				CLANG_WARN_INFINITE_RECURSION = YES;
				CLANG_WARN_INT_CONVERSION = YES;
				CLANG_WARN_NON_LITERAL_NULL_CONVERSION = YES;
				CLANG_WARN_OBJC_IMPLICIT_RETAIN_SELF = YES;
				CLANG_WARN_OBJC_LITERAL_CONVERSION = YES;
				CLANG_WARN_OBJC_ROOT_CLASS = YES_ERROR;
				CLANG_WARN_QUOTED_INCLUDE_IN_FRAMEWORK_HEADER = YES;
				CLANG_WARN_RANGE_LOOP_ANALYSIS = YES;
				CLANG_WARN_STRICT_PROTOTYPES = YES;
				CLANG_WARN_SUSPICIOUS_MOVE = YES;
				CLANG_WARN_UNGUARDED_AVAILABILITY = YES_AGGRESSIVE;
				CLANG_WARN_UNREACHABLE_CODE = YES;
				CLANG_WARN__DUPLICATE_METHOD_MATCH = YES;
				COPY_PHASE_STRIP = NO;
				DEBUG_INFORMATION_FORMAT = "dwarf-with-dsym";
				ENABLE_NS_ASSERTIONS = NO;
				ENABLE_STRICT_OBJC_MSGSEND = YES;
				ENABLE_USER_SCRIPT_SANDBOXING = YES;
				GCC_C_LANGUAGE_STANDARD = gnu17;
				GCC_NO_COMMON_BLOCKS = YES;
				GCC_WARN_64_TO_32_BIT_CONVERSION = YES;
				GCC_WARN_ABOUT_RETURN_TYPE = YES_ERROR;
				GCC_WARN_UNDECLARED_SELECTOR = YES;
				GCC_WARN_UNINITIALIZED_AUTOS = YES_AGGRESSIVE;
				GCC_WARN_UNUSED_FUNCTION = YES;
				GCC_WARN_UNUSED_VARIABLE = YES;
				IPHONEOS_DEPLOYMENT_TARGET = 18.5;
				LOCALIZATION_PREFERS_STRING_CATALOGS = YES;
				MTL_ENABLE_DEBUG_INFO = NO;
				MTL_FAST_MATH = YES;
				SDKROOT = iphoneos;
				SWIFT_COMPILATION_MODE = wholemodule;
				VALIDATE_PRODUCT = YES;
			};
			name = Release;
		};
		B4F690792E39EA3A00F16747 /* Debug */ = {
			isa = XCBuildConfiguration;
			buildSettings = {
				BUNDLE_LOADER = "$(TEST_HOST)";
				CODE_SIGN_STYLE = Automatic;
				CURRENT_PROJECT_VERSION = 1;
				GENERATE_INFOPLIST_FILE = YES;
				IPHONEOS_DEPLOYMENT_TARGET = 18.5;
				MARKETING_VERSION = 1.0;
				PRODUCT_BUNDLE_IDENTIFIER = "ios.Lab-AboutMeTests";
				PRODUCT_NAME = "$(TARGET_NAME)";
				SWIFT_EMIT_LOC_STRINGS = NO;
				SWIFT_VERSION = 5.0;
				TARGETED_DEVICE_FAMILY = "1,2";
				TEST_HOST = "$(BUILT_PRODUCTS_DIR)/Lab-AboutMe.app/$(BUNDLE_EXECUTABLE_FOLDER_PATH)/Lab-AboutMe";
			};
			name = Debug;
		};
		B4F6907A2E39EA3A00F16747 /* Release */ = {
			isa = XCBuildConfiguration;
			buildSettings = {
				BUNDLE_LOADER = "$(TEST_HOST)";
				CODE_SIGN_STYLE = Automatic;
				CURRENT_PROJECT_VERSION = 1;
				GENERATE_INFOPLIST_FILE = YES;
				IPHONEOS_DEPLOYMENT_TARGET = 18.5;
				MARKETING_VERSION = 1.0;
				PRODUCT_BUNDLE_IDENTIFIER = "ios.Lab-AboutMeTests";
				PRODUCT_NAME = "$(TARGET_NAME)";
				SWIFT_EMIT_LOC_STRINGS = NO;
				SWIFT_VERSION = 5.0;
				TARGETED_DEVICE_FAMILY = "1,2";
				TEST_HOST = "$(BUILT_PRODUCTS_DIR)/Lab-AboutMe.app/$(BUNDLE_EXECUTABLE_FOLDER_PATH)/Lab-AboutMe";
			};
			name = Release;
		};
		B4F6907C2E39EA3A00F16747 /* Debug */ = {
			isa = XCBuildConfiguration;
			buildSettings = {
				CODE_SIGN_STYLE = Automatic;
				CURRENT_PROJECT_VERSION = 1;
				GENERATE_INFOPLIST_FILE = YES;
				MARKETING_VERSION = 1.0;
				PRODUCT_BUNDLE_IDENTIFIER = "ios.Lab-AboutMeUITests";
				PRODUCT_NAME = "$(TARGET_NAME)";
				SWIFT_EMIT_LOC_STRINGS = NO;
				SWIFT_VERSION = 5.0;
				TARGETED_DEVICE_FAMILY = "1,2";
				TEST_TARGET_NAME = "Lab-AboutMe";
			};
			name = Debug;
		};
		B4F6907D2E39EA3A00F16747 /* Release */ = {
			isa = XCBuildConfiguration;
			buildSettings = {
				CODE_SIGN_STYLE = Automatic;
				CURRENT_PROJECT_VERSION = 1;
				GENERATE_INFOPLIST_FILE = YES;
				MARKETING_VERSION = 1.0;
				PRODUCT_BUNDLE_IDENTIFIER = "ios.Lab-AboutMeUITests";
				PRODUCT_NAME = "$(TARGET_NAME)";
				SWIFT_EMIT_LOC_STRINGS = NO;
				SWIFT_VERSION = 5.0;
				TARGETED_DEVICE_FAMILY = "1,2";
				TEST_TARGET_NAME = "Lab-AboutMe";
			};
			name = Release;
		};
/* End XCBuildConfiguration section */

/* Begin XCConfigurationList section */
		B4F690452E39EA3800F16747 /* Build configuration list for PBXProject "Lab-AboutMe" */ = {
			isa = XCConfigurationList;
			buildConfigurations = (
				B4F690762E39EA3A00F16747 /* Debug */,
				B4F690772E39EA3A00F16747 /* Release */,
			);
			defaultConfigurationIsVisible = 0;
			defaultConfigurationName = Release;
		};
		B4F690732E39EA3A00F16747 /* Build configuration list for PBXNativeTarget "Lab-AboutMe" */ = {
			isa = XCConfigurationList;
			buildConfigurations = (
				B4F690742E39EA3A00F16747 /* Debug */,
				B4F690752E39EA3A00F16747 /* Release */,
			);
			defaultConfigurationIsVisible = 0;
			defaultConfigurationName = Release;
		};
		B4F690782E39EA3A00F16747 /* Build configuration list for PBXNativeTarget "Lab-AboutMeTests" */ = {
			isa = XCConfigurationList;
			buildConfigurations = (
				B4F690792E39EA3A00F16747 /* Debug */,
				B4F6907A2E39EA3A00F16747 /* Release */,
			);
			defaultConfigurationIsVisible = 0;
			defaultConfigurationName = Release;
		};
		B4F6907B2E39EA3A00F16747 /* Build configuration list for PBXNativeTarget "Lab-AboutMeUITests" */ = {
			isa = XCConfigurationList;
			buildConfigurations = (
				B4F6907C2E39EA3A00F16747 /* Debug */,
				B4F6907D2E39EA3A00F16747 /* Release */,
			);
			defaultConfigurationIsVisible = 0;
			defaultConfigurationName = Release;
		};
/* End XCConfigurationList section */
	};
	rootObject = B4F690422E39EA3800F16747 /* Project object */;
}
