// !$*UTF8*$!
{
	archiveVersion = 1;
	classes = {
	};
	objectVersion = 77;
	objects = {

/* Begin PBXContainerItemProxy section */
		B4D8F1482E3664B40097DA57 /* PBXContainerItemProxy */ = {
			isa = PBXContainerItemProxy;
			containerPortal = B4D8F1292E3664B20097DA57 /* Project object */;
			proxyType = 1;
			remoteGlobalIDString = B4D8F1302E3664B20097DA57;
			remoteInfo = "lab-Hobby-Tutorial";
		};
		B4D8F1522E3664B40097DA57 /* PBXContainerItemProxy */ = {
			isa = PBXContainerItemProxy;
			containerPortal = B4D8F1292E3664B20097DA57 /* Project object */;
			proxyType = 1;
			remoteGlobalIDString = B4D8F1302E3664B20097DA57;
			remoteInfo = "lab-Hobby-Tutorial";
		};
/* End PBXContainerItemProxy section */

/* Begin PBXFileReference section */
		B4D8F1312E3664B20097DA57 /* lab-Hobby-Tutorial.app */ = {isa = PBXFileReference; explicitFileType = wrapper.application; includeInIndex = 0; path = "lab-Hobby-Tutorial.app"; sourceTree = BUILT_PRODUCTS_DIR; };
		B4D8F1472E3664B40097DA57 /* lab-Hobby-TutorialTests.xctest */ = {isa = PBXFileReference; explicitFileType = wrapper.cfbundle; includeInIndex = 0; path = "lab-Hobby-TutorialTests.xctest"; sourceTree = BUILT_PRODUCTS_DIR; };
		B4D8F1512E3664B40097DA57 /* lab-Hobby-TutorialUITests.xctest */ = {isa = PBXFileReference; explicitFileType = wrapper.cfbundle; includeInIndex = 0; path = "lab-Hobby-TutorialUITests.xctest"; sourceTree = BUILT_PRODUCTS_DIR; };
/* End PBXFileReference section */

/* Begin PBXFileSystemSynchronizedBuildFileExceptionSet section */
		B4D8F1592E3664B40097DA57 /* Exceptions for "lab-Hobby-Tutorial" folder in "lab-Hobby-Tutorial" target */ = {
			isa = PBXFileSystemSynchronizedBuildFileExceptionSet;
			membershipExceptions = (
				Info.plist,
			);
			target = B4D8F1302E3664B20097DA57 /* lab-Hobby-Tutorial */;
		};
/* End PBXFileSystemSynchronizedBuildFileExceptionSet section */

/* Begin PBXFileSystemSynchronizedRootGroup section */
		B4D8F1332E3664B20097DA57 /* lab-Hobby-Tutorial */ = {
			isa = PBXFileSystemSynchronizedRootGroup;
			exceptions = (
				B4D8F1592E3664B40097DA57 /* Exceptions for "lab-Hobby-Tutorial" folder in "lab-Hobby-Tutorial" target */,
			);
			path = "lab-Hobby-Tutorial";
			sourceTree = "<group>";
		};
		B4D8F14A2E3664B40097DA57 /* lab-Hobby-TutorialTests */ = {
			isa = PBXFileSystemSynchronizedRootGroup;
			path = "lab-Hobby-TutorialTests";
			sourceTree = "<group>";
		};
		B4D8F1542E3664B40097DA57 /* lab-Hobby-TutorialUITests */ = {
			isa = PBXFileSystemSynchronizedRootGroup;
			path = "lab-Hobby-TutorialUITests";
			sourceTree = "<group>";
		};
/* End PBXFileSystemSynchronizedRootGroup section */

/* Begin PBXFrameworksBuildPhase section */
		B4D8F12E2E3664B20097DA57 /* Frameworks */ = {
			isa = PBXFrameworksBuildPhase;
			buildActionMask = 2147483647;
			files = (
			);
			runOnlyForDeploymentPostprocessing = 0;
		};
		B4D8F1442E3664B40097DA57 /* Frameworks */ = {
			isa = PBXFrameworksBuildPhase;
			buildActionMask = 2147483647;
			files = (
			);
			runOnlyForDeploymentPostprocessing = 0;
		};
		B4D8F14E2E3664B40097DA57 /* Frameworks */ = {
			isa = PBXFrameworksBuildPhase;
			buildActionMask = 2147483647;
			files = (
			);
			runOnlyForDeploymentPostprocessing = 0;
		};
/* End PBXFrameworksBuildPhase section */

/* Begin PBXGroup section */
		B4D8F1282E3664B20097DA57 = {
			isa = PBXGroup;
			children = (
				B4D8F1332E3664B20097DA57 /* lab-Hobby-Tutorial */,
				B4D8F14A2E3664B40097DA57 /* lab-Hobby-TutorialTests */,
				B4D8F1542E3664B40097DA57 /* lab-Hobby-TutorialUITests */,
				B4D8F1322E3664B20097DA57 /* Products */,
			);
			sourceTree = "<group>";
		};
		B4D8F1322E3664B20097DA57 /* Products */ = {
			isa = PBXGroup;
			children = (
				B4D8F1312E3664B20097DA57 /* lab-Hobby-Tutorial.app */,
				B4D8F1472E3664B40097DA57 /* lab-Hobby-TutorialTests.xctest */,
				B4D8F1512E3664B40097DA57 /* lab-Hobby-TutorialUITests.xctest */,
			);
			name = Products;
			sourceTree = "<group>";
		};
/* End PBXGroup section */

/* Begin PBXNativeTarget section */
		B4D8F1302E3664B20097DA57 /* lab-Hobby-Tutorial */ = {
			isa = PBXNativeTarget;
			buildConfigurationList = B4D8F15A2E3664B40097DA57 /* Build configuration list for PBXNativeTarget "lab-Hobby-Tutorial" */;
			buildPhases = (
				B4D8F12D2E3664B20097DA57 /* Sources */,
				B4D8F12E2E3664B20097DA57 /* Frameworks */,
				B4D8F12F2E3664B20097DA57 /* Resources */,
			);
			buildRules = (
			);
			dependencies = (
			);
			fileSystemSynchronizedGroups = (
				B4D8F1332E3664B20097DA57 /* lab-Hobby-Tutorial */,
			);
			name = "lab-Hobby-Tutorial";
			packageProductDependencies = (
			);
			productName = "lab-Hobby-Tutorial";
			productReference = B4D8F1312E3664B20097DA57 /* lab-Hobby-Tutorial.app */;
			productType = "com.apple.product-type.application";
		};
		B4D8F1462E3664B40097DA57 /* lab-Hobby-TutorialTests */ = {
			isa = PBXNativeTarget;
			buildConfigurationList = B4D8F15F2E3664B40097DA57 /* Build configuration list for PBXNativeTarget "lab-Hobby-TutorialTests" */;
			buildPhases = (
				B4D8F1432E3664B40097DA57 /* Sources */,
				B4D8F1442E3664B40097DA57 /* Frameworks */,
				B4D8F1452E3664B40097DA57 /* Resources */,
			);
			buildRules = (
			);
			dependencies = (
				B4D8F1492E3664B40097DA57 /* PBXTargetDependency */,
			);
			fileSystemSynchronizedGroups = (
				B4D8F14A2E3664B40097DA57 /* lab-Hobby-TutorialTests */,
			);
			name = "lab-Hobby-TutorialTests";
			packageProductDependencies = (
			);
			productName = "lab-Hobby-TutorialTests";
			productReference = B4D8F1472E3664B40097DA57 /* lab-Hobby-TutorialTests.xctest */;
			productType = "com.apple.product-type.bundle.unit-test";
		};
		B4D8F1502E3664B40097DA57 /* lab-Hobby-TutorialUITests */ = {
			isa = PBXNativeTarget;
			buildConfigurationList = B4D8F1622E3664B40097DA57 /* Build configuration list for PBXNativeTarget "lab-Hobby-TutorialUITests" */;
			buildPhases = (
				B4D8F14D2E3664B40097DA57 /* Sources */,
				B4D8F14E2E3664B40097DA57 /* Frameworks */,
				B4D8F14F2E3664B40097DA57 /* Resources */,
			);
			buildRules = (
			);
			dependencies = (
				B4D8F1532E3664B40097DA57 /* PBXTargetDependency */,
			);
			fileSystemSynchronizedGroups = (
				B4D8F1542E3664B40097DA57 /* lab-Hobby-TutorialUITests */,
			);
			name = "lab-Hobby-TutorialUITests";
			packageProductDependencies = (
			);
			productName = "lab-Hobby-TutorialUITests";
			productReference = B4D8F1512E3664B40097DA57 /* lab-Hobby-TutorialUITests.xctest */;
			productType = "com.apple.product-type.bundle.ui-testing";
		};
/* End PBXNativeTarget section */

/* Begin PBXProject section */
		B4D8F1292E3664B20097DA57 /* Project object */ = {
			isa = PBXProject;
			attributes = {
				BuildIndependentTargetsInParallel = 1;
				LastSwiftUpdateCheck = 1640;
				LastUpgradeCheck = 1640;
				TargetAttributes = {
					B4D8F1302E3664B20097DA57 = {
						CreatedOnToolsVersion = 16.4;
					};
					B4D8F1462E3664B40097DA57 = {
						CreatedOnToolsVersion = 16.4;
						TestTargetID = B4D8F1302E3664B20097DA57;
					};
					B4D8F1502E3664B40097DA57 = {
						CreatedOnToolsVersion = 16.4;
						TestTargetID = B4D8F1302E3664B20097DA57;
					};
				};
			};
			buildConfigurationList = B4D8F12C2E3664B20097DA57 /* Build configuration list for PBXProject "lab-Hobby-Tutorial" */;
			developmentRegion = en;
			hasScannedForEncodings = 0;
			knownRegions = (
				en,
				Base,
			);
			mainGroup = B4D8F1282E3664B20097DA57;
			minimizedProjectReferenceProxies = 1;
			preferredProjectObjectVersion = 77;
			productRefGroup = B4D8F1322E3664B20097DA57 /* Products */;
			projectDirPath = "";
			projectRoot = "";
			targets = (
				B4D8F1302E3664B20097DA57 /* lab-Hobby-Tutorial */,
				B4D8F1462E3664B40097DA57 /* lab-Hobby-TutorialTests */,
				B4D8F1502E3664B40097DA57 /* lab-Hobby-TutorialUITests */,
			);
		};
/* End PBXProject section */

/* Begin PBXResourcesBuildPhase section */
		B4D8F12F2E3664B20097DA57 /* Resources */ = {
			isa = PBXResourcesBuildPhase;
			buildActionMask = 2147483647;
			files = (
			);
			runOnlyForDeploymentPostprocessing = 0;
		};
		B4D8F1452E3664B40097DA57 /* Resources */ = {
			isa = PBXResourcesBuildPhase;
			buildActionMask = 2147483647;
			files = (
			);
			runOnlyForDeploymentPostprocessing = 0;
		};
		B4D8F14F2E3664B40097DA57 /* Resources */ = {
			isa = PBXResourcesBuildPhase;
			buildActionMask = 2147483647;
			files = (
			);
			runOnlyForDeploymentPostprocessing = 0;
		};
/* End PBXResourcesBuildPhase section */

/* Begin PBXSourcesBuildPhase section */
		B4D8F12D2E3664B20097DA57 /* Sources */ = {
			isa = PBXSourcesBuildPhase;
			buildActionMask = 2147483647;
			files = (
			);
			runOnlyForDeploymentPostprocessing = 0;
		};
		B4D8F1432E3664B40097DA57 /* Sources */ = {
			isa = PBXSourcesBuildPhase;
			buildActionMask = 2147483647;
			files = (
			);
			runOnlyForDeploymentPostprocessing = 0;
		};
		B4D8F14D2E3664B40097DA57 /* Sources */ = {
			isa = PBXSourcesBuildPhase;
			buildActionMask = 2147483647;
			files = (
			);
			runOnlyForDeploymentPostprocessing = 0;
		};
/* End PBXSourcesBuildPhase section */

/* Begin PBXTargetDependency section */
		B4D8F1492E3664B40097DA57 /* PBXTargetDependency */ = {
			isa = PBXTargetDependency;
			target = B4D8F1302E3664B20097DA57 /* lab-Hobby-Tutorial */;
			targetProxy = B4D8F1482E3664B40097DA57 /* PBXContainerItemProxy */;
		};
		B4D8F1532E3664B40097DA57 /* PBXTargetDependency */ = {
			isa = PBXTargetDependency;
			target = B4D8F1302E3664B20097DA57 /* lab-Hobby-Tutorial */;
			targetProxy = B4D8F1522E3664B40097DA57 /* PBXContainerItemProxy */;
		};
/* End PBXTargetDependency section */

/* Begin XCBuildConfiguration section */
		B4D8F15B2E3664B40097DA57 /* Debug */ = {
			isa = XCBuildConfiguration;
			buildSettings = {
				ASSETCATALOG_COMPILER_APPICON_NAME = AppIcon;
				ASSETCATALOG_COMPILER_GLOBAL_ACCENT_COLOR_NAME = AccentColor;
				CODE_SIGN_STYLE = Automatic;
				CURRENT_PROJECT_VERSION = 1;
				GENERATE_INFOPLIST_FILE = YES;
				INFOPLIST_FILE = "lab-Hobby-Tutorial/Info.plist";
				INFOPLIST_KEY_UIApplicationSupportsIndirectInputEvents = YES;
				INFOPLIST_KEY_UILaunchStoryboardName = LaunchScreen;
				INFOPLIST_KEY_UIMainStoryboardFile = Main;
				INFOPLIST_KEY_UISupportedInterfaceOrientations_iPad = "UIInterfaceOrientationPortrait UIInterfaceOrientationPortraitUpsideDown UIInterfaceOrientationLandscapeLeft UIInterfaceOrientationLandscapeRight";
				INFOPLIST_KEY_UISupportedInterfaceOrientations_iPhone = "UIInterfaceOrientationPortrait UIInterfaceOrientationLandscapeLeft UIInterfaceOrientationLandscapeRight";
				LD_RUNPATH_SEARCH_PATHS = (
					"$(inherited)",
					"@executable_path/Frameworks",
				);
				MARKETING_VERSION = 1.0;
				PRODUCT_BUNDLE_IDENTIFIER = "ios.lab-Hobby-Tutorial";
				PRODUCT_NAME = "$(TARGET_NAME)";
				SWIFT_EMIT_LOC_STRINGS = YES;
				SWIFT_VERSION = 5.0;
				TARGETED_DEVICE_FAMILY = "1,2";
			};
			name = Debug;
		};
		B4D8F15C2E3664B40097DA57 /* Release */ = {
			isa = XCBuildConfiguration;
			buildSettings = {
				ASSETCATALOG_COMPILER_APPICON_NAME = AppIcon;
				ASSETCATALOG_COMPILER_GLOBAL_ACCENT_COLOR_NAME = AccentColor;
				CODE_SIGN_STYLE = Automatic;
				CURRENT_PROJECT_VERSION = 1;
				GENERATE_INFOPLIST_FILE = YES;
				INFOPLIST_FILE = "lab-Hobby-Tutorial/Info.plist";
				INFOPLIST_KEY_UIApplicationSupportsIndirectInputEvents = YES;
				INFOPLIST_KEY_UILaunchStoryboardName = LaunchScreen;
				INFOPLIST_KEY_UIMainStoryboardFile = Main;
				INFOPLIST_KEY_UISupportedInterfaceOrientations_iPad = "UIInterfaceOrientationPortrait UIInterfaceOrientationPortraitUpsideDown UIInterfaceOrientationLandscapeLeft UIInterfaceOrientationLandscapeRight";
				INFOPLIST_KEY_UISupportedInterfaceOrientations_iPhone = "UIInterfaceOrientationPortrait UIInterfaceOrientationLandscapeLeft UIInterfaceOrientationLandscapeRight";
				LD_RUNPATH_SEARCH_PATHS = (
					"$(inherited)",
					"@executable_path/Frameworks",
				);
				MARKETING_VERSION = 1.0;
				PRODUCT_BUNDLE_IDENTIFIER = "ios.lab-Hobby-Tutorial";
				PRODUCT_NAME = "$(TARGET_NAME)";
				SWIFT_EMIT_LOC_STRINGS = YES;
				SWIFT_VERSION = 5.0;
				TARGETED_DEVICE_FAMILY = "1,2";
			};
			name = Release;
		};
		B4D8F15D2E3664B40097DA57 /* Debug */ = {
			isa = XCBuildConfiguration;
			buildSettings = {
				ALWAYS_SEARCH_USER_PATHS = NO;
				ASSETCATALOG_COMPILER_GENERATE_SWIFT_ASSET_SYMBOL_EXTENSIONS = YES;
				CLANG_ANALYZER_NONNULL = YES;
				CLANG_ANALYZER_NUMBER_OBJECT_CONVERSION = YES_AGGRESSIVE;
				CLANG_CXX_LANGUAGE_STANDARD = "gnu++20";
				CLANG_ENABLE_MODULES = YES;
				CLANG_ENABLE_OBJC_ARC = YES;
				CLANG_ENABLE_OBJC_WEAK = YES;
				CLANG_WARN_BLOCK_CAPTURE_AUTORELEASING = YES;
				CLANG_WARN_BOOL_CONVERSION = YES;
				CLANG_WARN_COMMA = YES;
				CLANG_WARN_CONSTANT_CONVERSION = YES;
				CLANG_WARN_DEPRECATED_OBJC_IMPLEMENTATIONS = YES;
				CLANG_WARN_DIRECT_OBJC_ISA_USAGE = YES_ERROR;
				CLANG_WARN_DOCUMENTATION_COMMENTS = YES;
				CLANG_WARN_EMPTY_BODY = YES;
				CLANG_WARN_ENUM_CONVERSION = YES;
				CLANG_WARN_INFINITE_RECURSION = YES;
				CLANG_WARN_INT_CONVERSION = YES;
				CLANG_WARN_NON_LITERAL_NULL_CONVERSION = YES;
				CLANG_WARN_OBJC_IMPLICIT_RETAIN_SELF = YES;
				CLANG_WARN_OBJC_LITERAL_CONVERSION = YES;
				CLANG_WARN_OBJC_ROOT_CLASS = YES_ERROR;
				CLANG_WARN_QUOTED_INCLUDE_IN_FRAMEWORK_HEADER = YES;
				CLANG_WARN_RANGE_LOOP_ANALYSIS = YES;
				CLANG_WARN_STRICT_PROTOTYPES = YES;
				CLANG_WARN_SUSPICIOUS_MOVE = YES;
				CLANG_WARN_UNGUARDED_AVAILABILITY = YES_AGGRESSIVE;
				CLANG_WARN_UNREACHABLE_CODE = YES;
				CLANG_WARN__DUPLICATE_METHOD_MATCH = YES;
				COPY_PHASE_STRIP = NO;
				DEBUG_INFORMATION_FORMAT = dwarf;
				ENABLE_STRICT_OBJC_MSGSEND = YES;
				ENABLE_TESTABILITY = YES;
				ENABLE_USER_SCRIPT_SANDBOXING = YES;
				GCC_C_LANGUAGE_STANDARD = gnu17;
				GCC_DYNAMIC_NO_PIC = NO;
				GCC_NO_COMMON_BLOCKS = YES;
				GCC_OPTIMIZATION_LEVEL = 0;
				GCC_PREPROCESSOR_DEFINITIONS = (
					"DEBUG=1",
					"$(inherited)",
				);
				GCC_WARN_64_TO_32_BIT_CONVERSION = YES;
				GCC_WARN_ABOUT_RETURN_TYPE = YES_ERROR;
				GCC_WARN_UNDECLARED_SELECTOR = YES;
				GCC_WARN_UNINITIALIZED_AUTOS = YES_AGGRESSIVE;
				GCC_WARN_UNUSED_FUNCTION = YES;
				GCC_WARN_UNUSED_VARIABLE = YES;
				IPHONEOS_DEPLOYMENT_TARGET = 18.5;
				LOCALIZATION_PREFERS_STRING_CATALOGS = YES;
				MTL_ENABLE_DEBUG_INFO = INCLUDE_SOURCE;
				MTL_FAST_MATH = YES;
				ONLY_ACTIVE_ARCH = YES;
				SDKROOT = iphoneos;
				SWIFT_ACTIVE_COMPILATION_CONDITIONS = "DEBUG $(inherited)";
				SWIFT_OPTIMIZATION_LEVEL = "-Onone";
			};
			name = Debug;
		};
		B4D8F15E2E3664B40097DA57 /* Release */ = {
			isa = XCBuildConfiguration;
			buildSettings = {
				ALWAYS_SEARCH_USER_PATHS = NO;
				ASSETCATALOG_COMPILER_GENERATE_SWIFT_ASSET_SYMBOL_EXTENSIONS = YES;
				CLANG_ANALYZER_NONNULL = YES;
				CLANG_ANALYZER_NUMBER_OBJECT_CONVERSION = YES_AGGRESSIVE;
				CLANG_CXX_LANGUAGE_STANDARD = "gnu++20";
				CLANG_ENABLE_MODULES = YES;
				CLANG_ENABLE_OBJC_ARC = YES;
				CLANG_ENABLE_OBJC_WEAK = YES;
				CLANG_WARN_BLOCK_CAPTURE_AUTORELEASING = YES;
				CLANG_WARN_BOOL_CONVERSION = YES;
				CLANG_WARN_COMMA = YES;
				CLANG_WARN_CONSTANT_CONVERSION = YES;
				CLANG_WARN_DEPRECATED_OBJC_IMPLEMENTATIONS = YES;
				CLANG_WARN_DIRECT_OBJC_ISA_USAGE = YES_ERROR;
				CLANG_WARN_DOCUMENTATION_COMMENTS = YES;
				CLANG_WARN_EMPTY_BODY = YES;
				CLANG_WARN_ENUM_CONVERSION = YES;
				CLANG_WARN_INFINITE_RECURSION = YES;
				CLANG_WARN_INT_CONVERSION = YES;
				CLANG_WARN_NON_LITERAL_NULL_CONVERSION = YES;
				CLANG_WARN_OBJC_IMPLICIT_RETAIN_SELF = YES;
				CLANG_WARN_OBJC_LITERAL_CONVERSION = YES;
				CLANG_WARN_OBJC_ROOT_CLASS = YES_ERROR;
				CLANG_WARN_QUOTED_INCLUDE_IN_FRAMEWORK_HEADER = YES;
				CLANG_WARN_RANGE_LOOP_ANALYSIS = YES;
				CLANG_WARN_STRICT_PROTOTYPES = YES;
				CLANG_WARN_SUSPICIOUS_MOVE = YES;
				CLANG_WARN_UNGUARDED_AVAILABILITY = YES_AGGRESSIVE;
				CLANG_WARN_UNREACHABLE_CODE = YES;
				CLANG_WARN__DUPLICATE_METHOD_MATCH = YES;
				COPY_PHASE_STRIP = NO;
				DEBUG_INFORMATION_FORMAT = "dwarf-with-dsym";
				ENABLE_NS_ASSERTIONS = NO;
				ENABLE_STRICT_OBJC_MSGSEND = YES;
				ENABLE_USER_SCRIPT_SANDBOXING = YES;
				GCC_C_LANGUAGE_STANDARD = gnu17;
				GCC_NO_COMMON_BLOCKS = YES;
				GCC_WARN_64_TO_32_BIT_CONVERSION = YES;
				GCC_WARN_ABOUT_RETURN_TYPE = YES_ERROR;
				GCC_WARN_UNDECLARED_SELECTOR = YES;
				GCC_WARN_UNINITIALIZED_AUTOS = YES_AGGRESSIVE;
				GCC_WARN_UNUSED_FUNCTION = YES;
				GCC_WARN_UNUSED_VARIABLE = YES;
				IPHONEOS_DEPLOYMENT_TARGET = 18.5;
				LOCALIZATION_PREFERS_STRING_CATALOGS = YES;
				MTL_ENABLE_DEBUG_INFO = NO;
				MTL_FAST_MATH = YES;
				SDKROOT = iphoneos;
				SWIFT_COMPILATION_MODE = wholemodule;
				VALIDATE_PRODUCT = YES;
			};
			name = Release;
		};
		B4D8F1602E3664B40097DA57 /* Debug */ = {
			isa = XCBuildConfiguration;
			buildSettings = {
				BUNDLE_LOADER = "$(TEST_HOST)";
				CODE_SIGN_STYLE = Automatic;
				CURRENT_PROJECT_VERSION = 1;
				GENERATE_INFOPLIST_FILE = YES;
				IPHONEOS_DEPLOYMENT_TARGET = 18.5;
				MARKETING_VERSION = 1.0;
				PRODUCT_BUNDLE_IDENTIFIER = "ios.lab-Hobby-TutorialTests";
				PRODUCT_NAME = "$(TARGET_NAME)";
				SWIFT_EMIT_LOC_STRINGS = NO;
				SWIFT_VERSION = 5.0;
				TARGETED_DEVICE_FAMILY = "1,2";
				TEST_HOST = "$(BUILT_PRODUCTS_DIR)/lab-Hobby-Tutorial.app/$(BUNDLE_EXECUTABLE_FOLDER_PATH)/lab-Hobby-Tutorial";
			};
			name = Debug;
		};
		B4D8F1612E3664B40097DA57 /* Release */ = {
			isa = XCBuildConfiguration;
			buildSettings = {
				BUNDLE_LOADER = "$(TEST_HOST)";
				CODE_SIGN_STYLE = Automatic;
				CURRENT_PROJECT_VERSION = 1;
				GENERATE_INFOPLIST_FILE = YES;
				IPHONEOS_DEPLOYMENT_TARGET = 18.5;
				MARKETING_VERSION = 1.0;
				PRODUCT_BUNDLE_IDENTIFIER = "ios.lab-Hobby-TutorialTests";
				PRODUCT_NAME = "$(TARGET_NAME)";
				SWIFT_EMIT_LOC_STRINGS = NO;
				SWIFT_VERSION = 5.0;
				TARGETED_DEVICE_FAMILY = "1,2";
				TEST_HOST = "$(BUILT_PRODUCTS_DIR)/lab-Hobby-Tutorial.app/$(BUNDLE_EXECUTABLE_FOLDER_PATH)/lab-Hobby-Tutorial";
			};
			name = Release;
		};
		B4D8F1632E3664B40097DA57 /* Debug */ = {
			isa = XCBuildConfiguration;
			buildSettings = {
				CODE_SIGN_STYLE = Automatic;
				CURRENT_PROJECT_VERSION = 1;
				GENERATE_INFOPLIST_FILE = YES;
				MARKETING_VERSION = 1.0;
				PRODUCT_BUNDLE_IDENTIFIER = "ios.lab-Hobby-TutorialUITests";
				PRODUCT_NAME = "$(TARGET_NAME)";
				SWIFT_EMIT_LOC_STRINGS = NO;
				SWIFT_VERSION = 5.0;
				TARGETED_DEVICE_FAMILY = "1,2";
				TEST_TARGET_NAME = "lab-Hobby-Tutorial";
			};
			name = Debug;
		};
		B4D8F1642E3664B40097DA57 /* Release */ = {
			isa = XCBuildConfiguration;
			buildSettings = {
				CODE_SIGN_STYLE = Automatic;
				CURRENT_PROJECT_VERSION = 1;
				GENERATE_INFOPLIST_FILE = YES;
				MARKETING_VERSION = 1.0;
				PRODUCT_BUNDLE_IDENTIFIER = "ios.lab-Hobby-TutorialUITests";
				PRODUCT_NAME = "$(TARGET_NAME)";
				SWIFT_EMIT_LOC_STRINGS = NO;
				SWIFT_VERSION = 5.0;
				TARGETED_DEVICE_FAMILY = "1,2";
				TEST_TARGET_NAME = "lab-Hobby-Tutorial";
			};
			name = Release;
		};
/* End XCBuildConfiguration section */

/* Begin XCConfigurationList section */
		B4D8F12C2E3664B20097DA57 /* Build configuration list for PBXProject "lab-Hobby-Tutorial" */ = {
			isa = XCConfigurationList;
			buildConfigurations = (
				B4D8F15D2E3664B40097DA57 /* Debug */,
				B4D8F15E2E3664B40097DA57 /* Release */,
			);
			defaultConfigurationIsVisible = 0;
			defaultConfigurationName = Release;
		};
		B4D8F15A2E3664B40097DA57 /* Build configuration list for PBXNativeTarget "lab-Hobby-Tutorial" */ = {
			isa = XCConfigurationList;
			buildConfigurations = (
				B4D8F15B2E3664B40097DA57 /* Debug */,
				B4D8F15C2E3664B40097DA57 /* Release */,
			);
			defaultConfigurationIsVisible = 0;
			defaultConfigurationName = Release;
		};
		B4D8F15F2E3664B40097DA57 /* Build configuration list for PBXNativeTarget "lab-Hobby-TutorialTests" */ = {
			isa = XCConfigurationList;
			buildConfigurations = (
				B4D8F1602E3664B40097DA57 /* Debug */,
				B4D8F1612E3664B40097DA57 /* Release */,
			);
			defaultConfigurationIsVisible = 0;
			defaultConfigurationName = Release;
		};
		B4D8F1622E3664B40097DA57 /* Build configuration list for PBXNativeTarget "lab-Hobby-TutorialUITests" */ = {
			isa = XCConfigurationList;
			buildConfigurations = (
				B4D8F1632E3664B40097DA57 /* Debug */,
				B4D8F1642E3664B40097DA57 /* Release */,
			);
			defaultConfigurationIsVisible = 0;
			defaultConfigurationName = Release;
		};
/* End XCConfigurationList section */
	};
	rootObject = B4D8F1292E3664B20097DA57 /* Project object */;
}
